
Microsoft Visual Studio Solution File, Format Version 12.00
# Visual Studio 15
VisualStudioVersion = 15.0.27004.2009
MinimumVisualStudioVersion = 10.0.40219.1
Project("{FAE04EC0-301F-11D3-BF4B-00C04F79EFBC}") = "PdfUtils", "PdfUtils\PdfUtils.csproj", "{6A6A0321-B320-43B1-9A05-E2ABC8DF4F6A}"
EndProject
Project("{2150E333-8FDC-42A3-9474-1A3956D46DE8}") = "BackEnd", "BackEnd", "{6107CB15-2BE8-4457-8960-1087A280FD33}"
EndProject
Project("{2150E333-8FDC-42A3-9474-1A3956D46DE8}") = "Common", "Common", "{9558514A-E0DA-4240-A154-652DFD941A2E}"
EndProject
Project("{2150E333-8FDC-42A3-9474-1A3956D46DE8}") = "Tests", "Tests", "{09FD12F3-F669-4700-AE5A-1A17B07F4F94}"
EndProject
Project("{FAE04EC0-301F-11D3-BF4B-00C04F79EFBC}") = "MPWeb.Common", "MPWeb.Common\MPWeb.Common.csproj", "{C8B42C22-B0DC-4CE6-A459-C8AE2842F507}"
EndProject
Project("{FAE04EC0-301F-11D3-BF4B-00C04F79EFBC}") = "AzureTableStore", "AzureTableStore\AzureTableStore.csproj", "{AAD8F5BA-295F-4F84-9E22-DE9BF8C56B93}"
EndProject
Project("{FAE04EC0-301F-11D3-BF4B-00C04F79EFBC}") = "MPWeb.Logic", "MPWeb.Logic\MPWeb.Logic.csproj", "{F5436543-9654-4A7D-B6A6-5FD493435381}"
EndProject
Project("{FAE04EC0-301F-11D3-BF4B-00C04F79EFBC}") = "MPWeb", "FrontEnd\MPWeb\MPWeb.csproj", "{F278F0F2-E239-4539-8969-C4B4BC32CB1E}"
EndProject
Project("{9A19103F-16F7-4668-BE54-9A1E7A4F7556}") = "MPWebTest", "MPWebTest\MPWebTest.csproj", "{210DC104-E5E8-4BEE-97BC-DD45D09098CB}"
EndProject
Project("{FAE04EC0-301F-11D3-BF4B-00C04F79EFBC}") = "MPBackendTest", "MPBackendTest\MPBackendTest.csproj", "{A19E4355-3BB7-4934-8193-25F27AF5F198}"
EndProject
Project("{FAE04EC0-301F-11D3-BF4B-00C04F79EFBC}") = "MPWebBackEndUnitTests", "MPWebBackEndUnitTests\MPWebBackEndUnitTests.csproj", "{3825EA2A-3372-45EF-8E04-DB55115281D4}"
EndProject
Project("{2150E333-8FDC-42A3-9474-1A3956D46DE8}") = "BackEnd", "BackEnd", "{7BB00AE1-85FF-498C-9BFC-3A8CD7B1582D}"
EndProject
Global
	GlobalSection(SolutionConfigurationPlatforms) = preSolution
		Debug|Any CPU = Debug|Any CPU
		Debug|x64 = Debug|x64
		Release|Any CPU = Release|Any CPU
		Release|x64 = Release|x64
	EndGlobalSection
	GlobalSection(ProjectConfigurationPlatforms) = postSolution
		{6A6A0321-B320-43B1-9A05-E2ABC8DF4F6A}.Debug|Any CPU.ActiveCfg = Debug|Any CPU
		{6A6A0321-B320-43B1-9A05-E2ABC8DF4F6A}.Debug|Any CPU.Build.0 = Debug|Any CPU
		{6A6A0321-B320-43B1-9A05-E2ABC8DF4F6A}.Debug|x64.ActiveCfg = Debug|Any CPU
		{6A6A0321-B320-43B1-9A05-E2ABC8DF4F6A}.Debug|x64.Build.0 = Debug|Any CPU
		{6A6A0321-B320-43B1-9A05-E2ABC8DF4F6A}.Release|Any CPU.ActiveCfg = Release|Any CPU
		{6A6A0321-B320-43B1-9A05-E2ABC8DF4F6A}.Release|Any CPU.Build.0 = Release|Any CPU
		{6A6A0321-B320-43B1-9A05-E2ABC8DF4F6A}.Release|x64.ActiveCfg = Release|x64
		{6A6A0321-B320-43B1-9A05-E2ABC8DF4F6A}.Release|x64.Build.0 = Release|x64
		{C8B42C22-B0DC-4CE6-A459-C8AE2842F507}.Debug|Any CPU.ActiveCfg = Debug|Any CPU
		{C8B42C22-B0DC-4CE6-A459-C8AE2842F507}.Debug|Any CPU.Build.0 = Debug|Any CPU
		{C8B42C22-B0DC-4CE6-A459-C8AE2842F507}.Debug|x64.ActiveCfg = Debug|Any CPU
		{C8B42C22-B0DC-4CE6-A459-C8AE2842F507}.Debug|x64.Build.0 = Debug|Any CPU
		{C8B42C22-B0DC-4CE6-A459-C8AE2842F507}.Release|Any CPU.ActiveCfg = Release|Any CPU
		{C8B42C22-B0DC-4CE6-A459-C8AE2842F507}.Release|Any CPU.Build.0 = Release|Any CPU
		{C8B42C22-B0DC-4CE6-A459-C8AE2842F507}.Release|x64.ActiveCfg = Release|x64
		{C8B42C22-B0DC-4CE6-A459-C8AE2842F507}.Release|x64.Build.0 = Release|x64
		{AAD8F5BA-295F-4F84-9E22-DE9BF8C56B93}.Debug|Any CPU.ActiveCfg = Debug|Any CPU
		{AAD8F5BA-295F-4F84-9E22-DE9BF8C56B93}.Debug|Any CPU.Build.0 = Debug|Any CPU
		{AAD8F5BA-295F-4F84-9E22-DE9BF8C56B93}.Debug|x64.ActiveCfg = Debug|Any CPU
		{AAD8F5BA-295F-4F84-9E22-DE9BF8C56B93}.Debug|x64.Build.0 = Debug|Any CPU
		{AAD8F5BA-295F-4F84-9E22-DE9BF8C56B93}.Release|Any CPU.ActiveCfg = Release|Any CPU
		{AAD8F5BA-295F-4F84-9E22-DE9BF8C56B93}.Release|Any CPU.Build.0 = Release|Any CPU
		{AAD8F5BA-295F-4F84-9E22-DE9BF8C56B93}.Release|x64.ActiveCfg = Release|x64
		{AAD8F5BA-295F-4F84-9E22-DE9BF8C56B93}.Release|x64.Build.0 = Release|x64
		{F5436543-9654-4A7D-B6A6-5FD493435381}.Debug|Any CPU.ActiveCfg = Debug|Any CPU
		{F5436543-9654-4A7D-B6A6-5FD493435381}.Debug|Any CPU.Build.0 = Debug|Any CPU
		{F5436543-9654-4A7D-B6A6-5FD493435381}.Debug|x64.ActiveCfg = Debug|Any CPU
		{F5436543-9654-4A7D-B6A6-5FD493435381}.Debug|x64.Build.0 = Debug|Any CPU
		{F5436543-9654-4A7D-B6A6-5FD493435381}.Release|Any CPU.ActiveCfg = Release|Any CPU
		{F5436543-9654-4A7D-B6A6-5FD493435381}.Release|Any CPU.Build.0 = Release|Any CPU
		{F5436543-9654-4A7D-B6A6-5FD493435381}.Release|x64.ActiveCfg = Release|x64
		{F5436543-9654-4A7D-B6A6-5FD493435381}.Release|x64.Build.0 = Release|x64
		{F278F0F2-E239-4539-8969-C4B4BC32CB1E}.Debug|Any CPU.ActiveCfg = Debug|Any CPU
		{F278F0F2-E239-4539-8969-C4B4BC32CB1E}.Debug|Any CPU.Build.0 = Debug|Any CPU
		{F278F0F2-E239-4539-8969-C4B4BC32CB1E}.Debug|x64.ActiveCfg = Debug|Any CPU
		{F278F0F2-E239-4539-8969-C4B4BC32CB1E}.Debug|x64.Build.0 = Debug|Any CPU
		{F278F0F2-E239-4539-8969-C4B4BC32CB1E}.Release|Any CPU.ActiveCfg = Release|Any CPU
		{F278F0F2-E239-4539-8969-C4B4BC32CB1E}.Release|Any CPU.Build.0 = Release|Any CPU
		{F278F0F2-E239-4539-8969-C4B4BC32CB1E}.Release|x64.ActiveCfg = Release|x64
		{F278F0F2-E239-4539-8969-C4B4BC32CB1E}.Release|x64.Build.0 = Release|x64
		{210DC104-E5E8-4BEE-97BC-DD45D09098CB}.Debug|Any CPU.ActiveCfg = Debug|Any CPU
		{210DC104-E5E8-4BEE-97BC-DD45D09098CB}.Debug|Any CPU.Build.0 = Debug|Any CPU
		{210DC104-E5E8-4BEE-97BC-DD45D09098CB}.Debug|x64.ActiveCfg = Debug|Any CPU
		{210DC104-E5E8-4BEE-97BC-DD45D09098CB}.Debug|x64.Build.0 = Debug|Any CPU
		{210DC104-E5E8-4BEE-97BC-DD45D09098CB}.Release|Any CPU.ActiveCfg = Release|Any CPU
		{210DC104-E5E8-4BEE-97BC-DD45D09098CB}.Release|Any CPU.Build.0 = Release|Any CPU
		{210DC104-E5E8-4BEE-97BC-DD45D09098CB}.Release|x64.ActiveCfg = Release|x64
		{210DC104-E5E8-4BEE-97BC-DD45D09098CB}.Release|x64.Build.0 = Release|x64
		{A19E4355-3BB7-4934-8193-25F27AF5F198}.Debug|Any CPU.ActiveCfg = Debug|Any CPU
		{A19E4355-3BB7-4934-8193-25F27AF5F198}.Debug|Any CPU.Build.0 = Debug|Any CPU
		{A19E4355-3BB7-4934-8193-25F27AF5F198}.Debug|x64.ActiveCfg = Debug|Any CPU
		{A19E4355-3BB7-4934-8193-25F27AF5F198}.Debug|x64.Build.0 = Debug|Any CPU
		{A19E4355-3BB7-4934-8193-25F27AF5F198}.Release|Any CPU.ActiveCfg = Release|Any CPU
		{A19E4355-3BB7-4934-8193-25F27AF5F198}.Release|Any CPU.Build.0 = Release|Any CPU
		{A19E4355-3BB7-4934-8193-25F27AF5F198}.Release|x64.ActiveCfg = Release|x64
		{A19E4355-3BB7-4934-8193-25F27AF5F198}.Release|x64.Build.0 = Release|x64
		{3825EA2A-3372-45EF-8E04-DB55115281D4}.Debug|Any CPU.ActiveCfg = Debug|Any CPU
		{3825EA2A-3372-45EF-8E04-DB55115281D4}.Debug|Any CPU.Build.0 = Debug|Any CPU
		{3825EA2A-3372-45EF-8E04-DB55115281D4}.Debug|x64.ActiveCfg = Debug|Any CPU
		{3825EA2A-3372-45EF-8E04-DB55115281D4}.Debug|x64.Build.0 = Debug|Any CPU
		{3825EA2A-3372-45EF-8E04-DB55115281D4}.Release|Any CPU.ActiveCfg = Release|Any CPU
		{3825EA2A-3372-45EF-8E04-DB55115281D4}.Release|Any CPU.Build.0 = Release|Any CPU
		{3825EA2A-3372-45EF-8E04-DB55115281D4}.Release|x64.ActiveCfg = Release|Any CPU
		{3825EA2A-3372-45EF-8E04-DB55115281D4}.Release|x64.Build.0 = Release|Any CPU
	EndGlobalSection
	GlobalSection(SolutionProperties) = preSolution
		HideSolutionNode = FALSE
	EndGlobalSection
	GlobalSection(NestedProjects) = preSolution
		{C8B42C22-B0DC-4CE6-A459-C8AE2842F507} = {9558514A-E0DA-4240-A154-652DFD941A2E}
		{AAD8F5BA-295F-4F84-9E22-DE9BF8C56B93} = {6107CB15-2BE8-4457-8960-1087A280FD33}
		{F5436543-9654-4A7D-B6A6-5FD493435381} = {6107CB15-2BE8-4457-8960-1087A280FD33}
		{210DC104-E5E8-4BEE-97BC-DD45D09098CB} = {09FD12F3-F669-4700-AE5A-1A17B07F4F94}
		{A19E4355-3BB7-4934-8193-25F27AF5F198} = {09FD12F3-F669-4700-AE5A-1A17B07F4F94}
		{3825EA2A-3372-45EF-8E04-DB55115281D4} = {7BB00AE1-85FF-498C-9BFC-3A8CD7B1582D}
		{7BB00AE1-85FF-498C-9BFC-3A8CD7B1582D} = {09FD12F3-F669-4700-AE5A-1A17B07F4F94}
	EndGlobalSection
	GlobalSection(ExtensibilityGlobals) = postSolution
		SolutionGuid = {3A228A39-F93C-438A-AD25-04DCA8729D1B}
	EndGlobalSection
EndGlobal
